
Microsoft Visual Studio Solution File, Format Version 12.00
# Visual Studio Version 17
VisualStudioVersion = 17.9.34902.65
MinimumVisualStudioVersion = 10.0.40219.1
Project("{FAE04EC0-301F-11D3-BF4B-00C04F79EFBC}") = "taitctrl", "taitctrl.csproj", "{7D9E8AF3-A28D-4308-818D-1ABD3074E856}"
EndProject
Global
	GlobalSection(SolutionConfigurationPlatforms) = preSolution
		Debug|Any CPU = Debug|Any CPU
		Release|Any CPU = Release|Any CPU
	EndGlobalSection
	GlobalSection(ProjectConfigurationPlatforms) = postSolution
		{7D9E8AF3-A28D-4308-818D-1ABD3074E856}.Debug|Any CPU.ActiveCfg = Debug|Any CPU
		{7D9E8AF3-A28D-4308-818D-1ABD3074E856}.Debug|Any CPU.Build.0 = Debug|Any CPU
		{7D9E8AF3-A28D-4308-818D-1ABD3074E856}.Release|Any CPU.ActiveCfg = Release|Any CPU
		{7D9E8AF3-A28D-4308-818D-1ABD3074E856}.Release|Any CPU.Build.0 = Release|Any CPU
	EndGlobalSection
	GlobalSection(SolutionProperties) = preSolution
		HideSolutionNode = FALSE
	EndGlobalSection
	GlobalSection(ExtensibilityGlobals) = postSolution
		SolutionGuid = {A4DED242-E552-4371-A776-25C58849B3A7}
	EndGlobalSection
EndGlobal
